{
  "lockfile_version": "1",
  "packages": {
    "awscli2@latest": {
      "last_modified": "2025-02-28T17:02:31Z",
      "resolved": "github:NixOS/nixpkgs/5954d3359cc7178623da6c7fd23dc7f7504d7187#awscli2",
      "source": "devbox-search",
      "version": "2.24.7",
      "systems": {
        "aarch64-darwin": {
          "outputs": [
            {
              "name": "out",
              "path": "/nix/store/cy4gfbvpjif9vxjrsn3llbx8a33vaa22-awscli2-2.24.7",
              "default": true
            },
            {
              "name": "dist",
              "path": "/nix/store/5imhy0l04r97jrwvgrwkq0sc1hb1f0cw-awscli2-2.24.7-dist"
            }
          ],
          "store_path": "/nix/store/cy4gfbvpjif9vxjrsn3llbx8a33vaa22-awscli2-2.24.7"
        },
        "aarch64-linux": {
          "outputs": [
            {
              "name": "out",
              "path": "/nix/store/djl95jipj2vmbljyx822zwnj37n7qrnc-awscli2-2.24.7",
              "default": true
            },
            {
              "name": "dist",
              "path": "/nix/store/crb9r976swms14wbni96dsdybf39gq2n-awscli2-2.24.7-dist"
            }
          ],
          "store_path": "/nix/store/djl95jipj2vmbljyx822zwnj37n7qrnc-awscli2-2.24.7"
        },
        "x86_64-darwin": {
          "outputs": [
            {
              "name": "out",
              "path": "/nix/store/xsw3rwq65wsr4syg4mbii7rzv8r0gs93-awscli2-2.24.7",
              "default": true
            },
            {
              "name": "dist",
              "path": "/nix/store/4qxls91fpjcq15sbv1lgw2fnb44q5v0i-awscli2-2.24.7-dist"
            }
          ],
          "store_path": "/nix/store/xsw3rwq65wsr4syg4mbii7rzv8r0gs93-awscli2-2.24.7"
        },
        "x86_64-linux": {
          "outputs": [
            {
              "name": "out",
              "path": "/nix/store/c6cpwn3j1qfcfrch3248bj8i60wa4c08-awscli2-2.24.7",
              "default": true
            },
            {
              "name": "dist",
              "path": "/nix/store/5d9627scc1lv4r4x7mkphaqy3aqpxrhw-awscli2-2.24.7-dist"
            }
          ],
          "store_path": "/nix/store/c6cpwn3j1qfcfrch3248bj8i60wa4c08-awscli2-2.24.7"
        }
      }
    },
    "bat@latest": {
      "last_modified": "2025-02-07T11:26:36Z",
      "resolved": "github:NixOS/nixpkgs/d98abf5cf5914e5e4e9d57205e3af55ca90ffc1d#bat",
      "source": "devbox-search",
      "version": "0.25.0",
      "systems": {
        "aarch64-darwin": {
          "outputs": [
            {
              "name": "out",
              "path": "/nix/store/a0pqbv80g64snkhbq8jk6684g4j6mrdd-bat-0.25.0",
              "default": true
            }
          ],
          "store_path": "/nix/store/a0pqbv80g64snkhbq8jk6684g4j6mrdd-bat-0.25.0"
        },
        "aarch64-linux": {
          "outputs": [
            {
              "name": "out",
              "path": "/nix/store/k86h7n8szkbqc2dfccqswb69xkzy09sz-bat-0.25.0",
              "default": true
            }
          ],
          "store_path": "/nix/store/k86h7n8szkbqc2dfccqswb69xkzy09sz-bat-0.25.0"
        },
        "x86_64-darwin": {
          "outputs": [
            {
              "name": "out",
              "path": "/nix/store/h3jj050sy1ls1vkxn0grnwrg09w9izrk-bat-0.25.0",
              "default": true
            }
          ],
          "store_path": "/nix/store/h3jj050sy1ls1vkxn0grnwrg09w9izrk-bat-0.25.0"
        },
        "x86_64-linux": {
          "outputs": [
            {
              "name": "out",
              "path": "/nix/store/svdagm0bvg7kjzn8bndc7gcl69afa740-bat-0.25.0",
              "default": true
            }
          ],
          "store_path": "/nix/store/svdagm0bvg7kjzn8bndc7gcl69afa740-bat-0.25.0"
        }
      }
    },
    "broot@latest": {
      "last_modified": "2025-02-13T21:40:15Z",
      "resolved": "github:NixOS/nixpkgs/ba0939c506a03c60a765cd7f7c43794816540eec#broot",
      "source": "devbox-search",
      "version": "1.44.7",
      "systems": {
        "aarch64-darwin": {
          "outputs": [
            {
              "name": "out",
              "path": "/nix/store/nd27ib80l06v67qvi79k90rmfb37x5m5-broot-1.44.7",
              "default": true
            }
          ],
          "store_path": "/nix/store/nd27ib80l06v67qvi79k90rmfb37x5m5-broot-1.44.7"
        },
        "aarch64-linux": {
          "outputs": [
            {
              "name": "out",
              "path": "/nix/store/9ixgs5y671h2k4wagi78agfzr43h35cg-broot-1.44.7",
              "default": true
            }
          ],
          "store_path": "/nix/store/9ixgs5y671h2k4wagi78agfzr43h35cg-broot-1.44.7"
        },
        "x86_64-darwin": {
          "outputs": [
            {
              "name": "out",
              "path": "/nix/store/mcvqn658izi1m74cvnz09b86rrbxbfp1-broot-1.44.7",
              "default": true
            }
          ],
          "store_path": "/nix/store/mcvqn658izi1m74cvnz09b86rrbxbfp1-broot-1.44.7"
        },
        "x86_64-linux": {
          "outputs": [
            {
              "name": "out",
              "path": "/nix/store/v9xw7n4lf7h9nm5gahjf9a2m2c101lnl-broot-1.44.7",
              "default": true
            }
          ],
          "store_path": "/nix/store/v9xw7n4lf7h9nm5gahjf9a2m2c101lnl-broot-1.44.7"
        }
      }
    },
    "doggo@latest": {
      "last_modified": "2025-02-07T11:26:36Z",
      "resolved": "github:NixOS/nixpkgs/d98abf5cf5914e5e4e9d57205e3af55ca90ffc1d#doggo",
      "source": "devbox-search",
      "version": "1.0.5",
      "systems": {
        "aarch64-darwin": {
          "outputs": [
            {
              "name": "out",
              "path": "/nix/store/cvk0y1pw44z4vgmi17v1aag71xaa8lnf-doggo-1.0.5",
              "default": true
            }
          ],
          "store_path": "/nix/store/cvk0y1pw44z4vgmi17v1aag71xaa8lnf-doggo-1.0.5"
        },
        "aarch64-linux": {
          "outputs": [
            {
              "name": "out",
              "path": "/nix/store/yqcvrhv9dxsbfcwdx6q92s71gzdfl15m-doggo-1.0.5",
              "default": true
            }
          ],
          "store_path": "/nix/store/yqcvrhv9dxsbfcwdx6q92s71gzdfl15m-doggo-1.0.5"
        },
        "x86_64-darwin": {
          "outputs": [
            {
              "name": "out",
              "path": "/nix/store/yn9naak3sfb779b5a9bnwa1azzrn7j8n-doggo-1.0.5",
              "default": true
            }
          ],
          "store_path": "/nix/store/yn9naak3sfb779b5a9bnwa1azzrn7j8n-doggo-1.0.5"
        },
        "x86_64-linux": {
          "outputs": [
            {
              "name": "out",
              "path": "/nix/store/bvmbcy2sgs8lhsvxp9nd3kcxiiqqwnlx-doggo-1.0.5",
              "default": true
            }
          ],
          "store_path": "/nix/store/bvmbcy2sgs8lhsvxp9nd3kcxiiqqwnlx-doggo-1.0.5"
        }
      }
    },
    "dust@latest": {
      "last_modified": "2025-02-28T17:02:31Z",
      "resolved": "github:NixOS/nixpkgs/5954d3359cc7178623da6c7fd23dc7f7504d7187#dust",
      "source": "devbox-search",
      "version": "1.1.2",
      "systems": {
        "aarch64-darwin": {
          "outputs": [
            {
              "name": "out",
              "path": "/nix/store/j05yxcwwq28lgfxr2vxrk06b14ys5l3q-du-dust-1.1.2",
              "default": true
            }
          ],
          "store_path": "/nix/store/j05yxcwwq28lgfxr2vxrk06b14ys5l3q-du-dust-1.1.2"
        },
        "aarch64-linux": {
          "outputs": [
            {
              "name": "out",
              "path": "/nix/store/fca847q95mpl5kyf4mb5f7ka0dlj7gqy-du-dust-1.1.2",
              "default": true
            }
          ],
          "store_path": "/nix/store/fca847q95mpl5kyf4mb5f7ka0dlj7gqy-du-dust-1.1.2"
        },
        "x86_64-darwin": {
          "outputs": [
            {
              "name": "out",
              "path": "/nix/store/64nsp000sragfa0x9l4wkjb1ngr6g0ma-du-dust-1.1.2",
              "default": true
            }
          ],
          "store_path": "/nix/store/64nsp000sragfa0x9l4wkjb1ngr6g0ma-du-dust-1.1.2"
        },
        "x86_64-linux": {
          "outputs": [
            {
              "name": "out",
              "path": "/nix/store/0b2d5pg7fryv4vvsyzxrc98xnsfc334p-du-dust-1.1.2",
              "default": true
            }
          ],
          "store_path": "/nix/store/0b2d5pg7fryv4vvsyzxrc98xnsfc334p-du-dust-1.1.2"
        }
      }
    },
    "exa@latest": {
      "last_modified": "2023-09-06T20:35:33Z",
      "resolved": "github:NixOS/nixpkgs/efd23a1c9ae8c574e2ca923c2b2dc336797f4cc4#exa",
      "source": "devbox-search",
      "version": "2023-03-01",
      "systems": {
        "aarch64-darwin": {
          "outputs": [
            {
              "name": "out",
              "path": "/nix/store/b8gn0ypb3wd82673iahqk099ifriflyq-exa-unstable-2023-03-01",
              "default": true
            },
            {
              "name": "man",
              "path": "/nix/store/6zrm41sxcdv8dz8hbfv7pzn0mkyhs719-exa-unstable-2023-03-01-man",
              "default": true
            }
          ],
          "store_path": "/nix/store/b8gn0ypb3wd82673iahqk099ifriflyq-exa-unstable-2023-03-01"
        },
        "aarch64-linux": {
          "outputs": [
            {
              "name": "out",
              "path": "/nix/store/baaa6q31c6y8nc88h0grvj6357lq01gj-exa-unstable-2023-03-01",
              "default": true
            },
            {
              "name": "man",
              "path": "/nix/store/ppm5fkisj17cjlfcbffxkvxkmk2ziw7k-exa-unstable-2023-03-01-man",
              "default": true
            }
          ],
          "store_path": "/nix/store/baaa6q31c6y8nc88h0grvj6357lq01gj-exa-unstable-2023-03-01"
        },
        "x86_64-darwin": {
          "outputs": [
            {
              "name": "out",
              "path": "/nix/store/sdqspvbzvs1d1kvfkwj4yngwywdc1s8r-exa-unstable-2023-03-01",
              "default": true
            },
            {
              "name": "man",
              "path": "/nix/store/vnrzjf30j81jxj3hifni82q9wshyv08b-exa-unstable-2023-03-01-man",
              "default": true
            }
          ],
          "store_path": "/nix/store/sdqspvbzvs1d1kvfkwj4yngwywdc1s8r-exa-unstable-2023-03-01"
        },
        "x86_64-linux": {
          "outputs": [
            {
              "name": "out",
              "path": "/nix/store/9rcc6z61paivss0g7d96izw7zqmg21gx-exa-unstable-2023-03-01",
              "default": true
            },
            {
              "name": "man",
              "path": "/nix/store/irlqy66p5rw7vhfj82frv9szi97kji3k-exa-unstable-2023-03-01-man",
              "default": true
            }
          ],
          "store_path": "/nix/store/9rcc6z61paivss0g7d96izw7zqmg21gx-exa-unstable-2023-03-01"
        }
      }
    },
    "github:NixOS/nixpkgs/nixpkgs-unstable": {
      "resolved": "github:NixOS/nixpkgs/ed0b1881565c1ffef490c10d663d4f542031dad3?lastModified=1741402956&narHash=sha256-y2hByvBM03s9T2fpeLjW6iprbxnhV9mJMmSwCHc41ZQ%3D"
    },
    "helm@latest": {
      "last_modified": "2025-02-07T11:26:36Z",
      "resolved": "github:NixOS/nixpkgs/d98abf5cf5914e5e4e9d57205e3af55ca90ffc1d#helm",
      "source": "devbox-search",
      "version": "0.9.0",
      "systems": {
        "aarch64-linux": {
          "outputs": [
            {
              "name": "out",
              "path": "/nix/store/95iwg3b324m5lxgb542kjzsgn7vg62kr-helm-0.9.0",
              "default": true
            }
          ],
          "store_path": "/nix/store/95iwg3b324m5lxgb542kjzsgn7vg62kr-helm-0.9.0"
        },
        "x86_64-linux": {
          "outputs": [
            {
              "name": "out",
              "path": "/nix/store/bxhfsy0p4pbiixpgn652i10pnn5rx1aj-helm-0.9.0",
              "default": true
            }
          ],
          "store_path": "/nix/store/bxhfsy0p4pbiixpgn652i10pnn5rx1aj-helm-0.9.0"
        }
      }
    },
    "helmfile@latest": {
      "last_modified": "2025-02-16T00:50:12Z",
      "resolved": "github:NixOS/nixpkgs/1dcdd535fef84d4671129a10e7072d56dca9a4d3#helmfile",
      "source": "devbox-search",
      "version": "0.171.0",
      "systems": {
        "aarch64-darwin": {
          "outputs": [
            {
              "name": "out",
              "path": "/nix/store/drhfi74ls1r2fm3p1kfkkigg1wjb0lpm-helmfile-0.171.0",
              "default": true
            }
          ],
          "store_path": "/nix/store/drhfi74ls1r2fm3p1kfkkigg1wjb0lpm-helmfile-0.171.0"
        },
        "aarch64-linux": {
          "outputs": [
            {
              "name": "out",
              "path": "/nix/store/b17835b1gyv4vpbcw1v43j30miy6allp-helmfile-0.171.0",
              "default": true
            }
          ],
          "store_path": "/nix/store/b17835b1gyv4vpbcw1v43j30miy6allp-helmfile-0.171.0"
        },
        "x86_64-darwin": {
          "outputs": [
            {
              "name": "out",
              "path": "/nix/store/fdn1y3dwv7crd3809lnr4b690d2qkclk-helmfile-0.171.0",
              "default": true
            }
          ],
          "store_path": "/nix/store/fdn1y3dwv7crd3809lnr4b690d2qkclk-helmfile-0.171.0"
        },
        "x86_64-linux": {
          "outputs": [
            {
              "name": "out",
              "path": "/nix/store/cv8jn63i3gdp34i7lzbimdc3lw1v3dfz-helmfile-0.171.0",
              "default": true
            }
          ],
          "store_path": "/nix/store/cv8jn63i3gdp34i7lzbimdc3lw1v3dfz-helmfile-0.171.0"
        }
      }
    },
    "k9s@latest": {
      "last_modified": "2025-02-23T09:42:26Z",
      "resolved": "github:NixOS/nixpkgs/2d068ae5c6516b2d04562de50a58c682540de9bf#k9s",
      "source": "devbox-search",
      "version": "0.40.5",
      "systems": {
        "aarch64-darwin": {
          "outputs": [
            {
              "name": "out",
              "path": "/nix/store/nik8n4pwpbgkmk12q2lsjnf2bk778w70-k9s-0.40.5",
              "default": true
            }
          ],
          "store_path": "/nix/store/nik8n4pwpbgkmk12q2lsjnf2bk778w70-k9s-0.40.5"
        },
        "aarch64-linux": {
          "outputs": [
            {
              "name": "out",
              "path": "/nix/store/7f81z71pxyz7xr8s8m1l5zp17cq9c22m-k9s-0.40.5",
              "default": true
            }
          ],
          "store_path": "/nix/store/7f81z71pxyz7xr8s8m1l5zp17cq9c22m-k9s-0.40.5"
        },
        "x86_64-darwin": {
          "outputs": [
            {
              "name": "out",
              "path": "/nix/store/r7iqfz7bvx84jgyydn05g1yb24gfzgxd-k9s-0.40.5",
              "default": true
            }
          ],
          "store_path": "/nix/store/r7iqfz7bvx84jgyydn05g1yb24gfzgxd-k9s-0.40.5"
        },
        "x86_64-linux": {
          "outputs": [
            {
              "name": "out",
              "path": "/nix/store/iycvjam25lspv9hfi5mqfdpfmxmj7kg3-k9s-0.40.5",
              "default": true
            }
          ],
          "store_path": "/nix/store/iycvjam25lspv9hfi5mqfdpfmxmj7kg3-k9s-0.40.5"
        }
      }
    },
    "kubectl@latest": {
      "last_modified": "2025-02-16T00:50:12Z",
      "resolved": "github:NixOS/nixpkgs/1dcdd535fef84d4671129a10e7072d56dca9a4d3#kubectl",
      "source": "devbox-search",
      "version": "1.32.2",
      "systems": {
        "aarch64-darwin": {
          "outputs": [
            {
              "name": "out",
              "path": "/nix/store/fdg47848h1jm48dvq34vzjx7pxipipyj-kubectl-1.32.2",
              "default": true
            },
            {
              "name": "man",
              "path": "/nix/store/nwpq48a67gn7xvma4k76wa3dl5qpc9jw-kubectl-1.32.2-man",
              "default": true
            },
            {
              "name": "convert",
              "path": "/nix/store/2l56gryy2lc3bxd1k28d606r23872vj1-kubectl-1.32.2-convert"
            }
          ],
          "store_path": "/nix/store/fdg47848h1jm48dvq34vzjx7pxipipyj-kubectl-1.32.2"
        },
        "aarch64-linux": {
          "outputs": [
            {
              "name": "out",
              "path": "/nix/store/ln7cfszvc6gjjrarbv0ipf1h8yzgkl46-kubectl-1.32.2",
              "default": true
            },
            {
              "name": "man",
              "path": "/nix/store/m79ivh1p7158mycrxiqslsdwqz0a2y15-kubectl-1.32.2-man",
              "default": true
            },
            {
              "name": "convert",
              "path": "/nix/store/x9c450w9l5l9hdb4sqvysi6wlsg522x7-kubectl-1.32.2-convert"
            }
          ],
          "store_path": "/nix/store/ln7cfszvc6gjjrarbv0ipf1h8yzgkl46-kubectl-1.32.2"
        },
        "x86_64-darwin": {
          "outputs": [
            {
              "name": "out",
              "path": "/nix/store/b2js0qn4da3bl7xi06q5prx27gd5fch8-kubectl-1.32.2",
              "default": true
            },
            {
              "name": "man",
              "path": "/nix/store/97yz99gy3hg69b6jjaqi01126ld5hgpl-kubectl-1.32.2-man",
              "default": true
            },
            {
              "name": "convert",
              "path": "/nix/store/1cr7phxn688by6bgzrpr5x6pv29dzknp-kubectl-1.32.2-convert"
            }
          ],
          "store_path": "/nix/store/b2js0qn4da3bl7xi06q5prx27gd5fch8-kubectl-1.32.2"
        },
        "x86_64-linux": {
          "outputs": [
            {
              "name": "out",
              "path": "/nix/store/d4hd150ffhnayv270mpacjkv57agyxyd-kubectl-1.32.2",
              "default": true
            },
            {
              "name": "man",
              "path": "/nix/store/37p1rr7vy6kmfhih65p6lvwc1cx64z6x-kubectl-1.32.2-man",
              "default": true
            },
            {
              "name": "convert",
              "path": "/nix/store/9ydig9bf3sgbsgxi06jw1128cdrpvfm1-kubectl-1.32.2-convert"
            }
          ],
          "store_path": "/nix/store/d4hd150ffhnayv270mpacjkv57agyxyd-kubectl-1.32.2"
        }
      }
    },
    "micro@latest": {
      "last_modified": "2025-02-07T11:26:36Z",
      "resolved": "github:NixOS/nixpkgs/d98abf5cf5914e5e4e9d57205e3af55ca90ffc1d#micro",
      "source": "devbox-search",
      "version": "2.0.14",
      "systems": {
        "aarch64-darwin": {
          "outputs": [
            {
              "name": "out",
              "path": "/nix/store/vab5bkbby92bcwcbkzrznprlc9kwcxk4-micro-2.0.14",
              "default": true
            },
            {
              "name": "man",
              "path": "/nix/store/41j6w511jlh1x5vpcv2zi0ivnn2sx33j-micro-2.0.14-man",
              "default": true
            }
          ],
          "store_path": "/nix/store/vab5bkbby92bcwcbkzrznprlc9kwcxk4-micro-2.0.14"
        },
        "aarch64-linux": {
          "outputs": [
            {
              "name": "out",
              "path": "/nix/store/pw6yd0c7x804k5minj0njzhxqjj51847-micro-2.0.14",
              "default": true
            },
            {
              "name": "man",
              "path": "/nix/store/iwwsqla9nxvvg0a9sgmqp1m5yn59d295-micro-2.0.14-man",
              "default": true
            }
          ],
          "store_path": "/nix/store/pw6yd0c7x804k5minj0njzhxqjj51847-micro-2.0.14"
        },
        "x86_64-darwin": {
          "outputs": [
            {
              "name": "out",
              "path": "/nix/store/ngz4g9w8ys38z5gahnky4nxdnn6wkiv7-micro-2.0.14",
              "default": true
            },
            {
              "name": "man",
              "path": "/nix/store/vjyfx0j7xzzglbggiia1lrb9dbx1x6m2-micro-2.0.14-man",
              "default": true
            }
          ],
          "store_path": "/nix/store/ngz4g9w8ys38z5gahnky4nxdnn6wkiv7-micro-2.0.14"
        },
        "x86_64-linux": {
          "outputs": [
            {
              "name": "out",
              "path": "/nix/store/kzb3j8gjcrvhkxy4kd5mpwpy7a4wmr8k-micro-2.0.14",
              "default": true
            },
            {
              "name": "man",
              "path": "/nix/store/abmgvwi6m1mdh5sr21fwg67gkspbxiqq-micro-2.0.14-man",
              "default": true
            }
          ],
          "store_path": "/nix/store/kzb3j8gjcrvhkxy4kd5mpwpy7a4wmr8k-micro-2.0.14"
        }
      }
    },
    "procs@latest": {
      "last_modified": "2025-02-07T11:26:36Z",
      "resolved": "github:NixOS/nixpkgs/d98abf5cf5914e5e4e9d57205e3af55ca90ffc1d#procs",
      "source": "devbox-search",
      "version": "0.14.9",
      "systems": {
        "aarch64-darwin": {
          "outputs": [
            {
              "name": "out",
              "path": "/nix/store/yclvzica4ylnfn2mxn9my457sjyq9g8m-procs-0.14.9",
              "default": true
            }
          ],
          "store_path": "/nix/store/yclvzica4ylnfn2mxn9my457sjyq9g8m-procs-0.14.9"
        },
        "aarch64-linux": {
          "outputs": [
            {
              "name": "out",
              "path": "/nix/store/0zby8by31zf9jwfda3s1cakvjiciasqm-procs-0.14.9",
              "default": true
            }
          ],
          "store_path": "/nix/store/0zby8by31zf9jwfda3s1cakvjiciasqm-procs-0.14.9"
        },
        "x86_64-darwin": {
          "outputs": [
            {
              "name": "out",
              "path": "/nix/store/ijywlkfa1pgicz3hdww66yb9q6yrcygy-procs-0.14.9",
              "default": true
            }
          ],
          "store_path": "/nix/store/ijywlkfa1pgicz3hdww66yb9q6yrcygy-procs-0.14.9"
        },
        "x86_64-linux": {
          "outputs": [
            {
              "name": "out",
              "path": "/nix/store/pfkj4d61wm4bi0pvj2d917qmc8qvikxd-procs-0.14.9",
              "default": true
            }
          ],
          "store_path": "/nix/store/pfkj4d61wm4bi0pvj2d917qmc8qvikxd-procs-0.14.9"
        }
      }
    },
    "rm-improved@latest": {
      "last_modified": "2025-02-07T11:26:36Z",
      "resolved": "github:NixOS/nixpkgs/d98abf5cf5914e5e4e9d57205e3af55ca90ffc1d#rm-improved",
      "source": "devbox-search",
      "version": "0.13.1",
      "systems": {
        "aarch64-darwin": {
          "outputs": [
            {
              "name": "out",
              "path": "/nix/store/y5nmwnyqspm1w6i03izpi3v0w82y1lqn-rm-improved-0.13.1",
              "default": true
            }
          ],
          "store_path": "/nix/store/y5nmwnyqspm1w6i03izpi3v0w82y1lqn-rm-improved-0.13.1"
        },
        "aarch64-linux": {
          "outputs": [
            {
              "name": "out",
              "path": "/nix/store/ah5jyapalhbsqd9wxb481icf208yf89y-rm-improved-0.13.1",
              "default": true
            }
          ],
          "store_path": "/nix/store/ah5jyapalhbsqd9wxb481icf208yf89y-rm-improved-0.13.1"
        },
        "x86_64-darwin": {
          "outputs": [
            {
              "name": "out",
              "path": "/nix/store/qjl0bq8i848dy0p4a77nx0bzz8yh8fw5-rm-improved-0.13.1",
              "default": true
            }
          ],
          "store_path": "/nix/store/qjl0bq8i848dy0p4a77nx0bzz8yh8fw5-rm-improved-0.13.1"
        },
        "x86_64-linux": {
          "outputs": [
            {
              "name": "out",
              "path": "/nix/store/v3qx3yxy2lh9aw71iwls8qzjplln8i5r-rm-improved-0.13.1",
              "default": true
            }
          ],
          "store_path": "/nix/store/v3qx3yxy2lh9aw71iwls8qzjplln8i5r-rm-improved-0.13.1"
        }
      }
    },
    "sd@latest": {
      "last_modified": "2025-02-07T11:26:36Z",
      "resolved": "github:NixOS/nixpkgs/d98abf5cf5914e5e4e9d57205e3af55ca90ffc1d#sd",
      "source": "devbox-search",
      "version": "1.0.0",
      "systems": {
        "aarch64-darwin": {
          "outputs": [
            {
              "name": "out",
              "path": "/nix/store/5i8dz9726z75h3l41a2pzij68wwgyzlz-sd-1.0.0",
              "default": true
            }
          ],
          "store_path": "/nix/store/5i8dz9726z75h3l41a2pzij68wwgyzlz-sd-1.0.0"
        },
        "aarch64-linux": {
          "outputs": [
            {
              "name": "out",
              "path": "/nix/store/5n1pik4fm5llm0c79nckvpw7xrfvlws3-sd-1.0.0",
              "default": true
            }
          ],
          "store_path": "/nix/store/5n1pik4fm5llm0c79nckvpw7xrfvlws3-sd-1.0.0"
        },
        "x86_64-darwin": {
          "outputs": [
            {
              "name": "out",
              "path": "/nix/store/556f8clwpimkwx08zzq261xgj9wplyp5-sd-1.0.0",
              "default": true
            }
          ],
          "store_path": "/nix/store/556f8clwpimkwx08zzq261xgj9wplyp5-sd-1.0.0"
        },
        "x86_64-linux": {
          "outputs": [
            {
              "name": "out",
              "path": "/nix/store/jmqcgy0ds5d4nkj2n9azxq12b73d19ph-sd-1.0.0",
              "default": true
            }
          ],
          "store_path": "/nix/store/jmqcgy0ds5d4nkj2n9azxq12b73d19ph-sd-1.0.0"
        }
      }
    },
    "tealdeer@latest": {
      "last_modified": "2025-02-07T11:26:36Z",
      "resolved": "github:NixOS/nixpkgs/d98abf5cf5914e5e4e9d57205e3af55ca90ffc1d#tealdeer",
      "source": "devbox-search",
      "version": "1.7.1",
      "systems": {
        "aarch64-darwin": {
          "outputs": [
            {
              "name": "out",
              "path": "/nix/store/ywiq7xr3pn1g5q83rsgd8a2pbmi5sfdd-tealdeer-1.7.1",
              "default": true
            }
          ],
          "store_path": "/nix/store/ywiq7xr3pn1g5q83rsgd8a2pbmi5sfdd-tealdeer-1.7.1"
        },
        "aarch64-linux": {
          "outputs": [
            {
              "name": "out",
              "path": "/nix/store/r59909ga29grq7gmrnvw5h6hi9z8hl3h-tealdeer-1.7.1",
              "default": true
            }
          ],
          "store_path": "/nix/store/r59909ga29grq7gmrnvw5h6hi9z8hl3h-tealdeer-1.7.1"
        },
        "x86_64-darwin": {
          "outputs": [
            {
              "name": "out",
              "path": "/nix/store/3wsb6r0k1pr954h1kyjawhrlnwj6yb4f-tealdeer-1.7.1",
              "default": true
            }
          ],
          "store_path": "/nix/store/3wsb6r0k1pr954h1kyjawhrlnwj6yb4f-tealdeer-1.7.1"
        },
        "x86_64-linux": {
          "outputs": [
            {
              "name": "out",
              "path": "/nix/store/l4rjdmfpf0rwybq0rk6s1sy7rmfzihfp-tealdeer-1.7.1",
              "default": true
            }
          ],
          "store_path": "/nix/store/l4rjdmfpf0rwybq0rk6s1sy7rmfzihfp-tealdeer-1.7.1"
        }
      }
    },
    "terraform@latest": {
      "last_modified": "2025-02-28T17:02:31Z",
      "resolved": "github:NixOS/nixpkgs/5954d3359cc7178623da6c7fd23dc7f7504d7187#terraform",
      "source": "devbox-search",
      "version": "1.11.0",
      "systems": {
        "aarch64-darwin": {
          "outputs": [
            {
              "name": "out",
              "path": "/nix/store/k94m5w7j0i7cbw3iqylrhqhz5pc5w71x-terraform-1.11.0",
              "default": true
            }
          ],
          "store_path": "/nix/store/k94m5w7j0i7cbw3iqylrhqhz5pc5w71x-terraform-1.11.0"
        },
        "aarch64-linux": {
          "outputs": [
            {
              "name": "out",
              "path": "/nix/store/44xylmz4247f9xz4dk7569knsxnjwicy-terraform-1.11.0",
              "default": true
            }
          ],
          "store_path": "/nix/store/44xylmz4247f9xz4dk7569knsxnjwicy-terraform-1.11.0"
        },
        "x86_64-darwin": {
          "outputs": [
            {
              "name": "out",
              "path": "/nix/store/6dzck452jdci1nm6642lmwh3rshjp6da-terraform-1.11.0",
              "default": true
            }
          ],
          "store_path": "/nix/store/6dzck452jdci1nm6642lmwh3rshjp6da-terraform-1.11.0"
        },
        "x86_64-linux": {
          "outputs": [
            {
              "name": "out",
              "path": "/nix/store/hk3y36laijnmf1fs5czgqql1kgkpg8zj-terraform-1.11.0",
              "default": true
            }
          ],
          "store_path": "/nix/store/hk3y36laijnmf1fs5czgqql1kgkpg8zj-terraform-1.11.0"
        }
      }
    }
  }
}
